
Microsoft Visual Studio Solution File, Format Version 12.00
# Visual Studio 15
VisualStudioVersion = 15.0.27130.2036
MinimumVisualStudioVersion = 10.0.40219.1
Project("{FAE04EC0-301F-11D3-BF4B-00C04F79EFBC}") = "TriviaNation", "TriviaNation\TriviaNation.csproj", "{83BBDECC-8E74-4FCD-B074-D846536AAD0A}"
EndProject
Global
	GlobalSection(SolutionConfigurationPlatforms) = preSolution
		Debug|Any CPU = Debug|Any CPU
		Release|Any CPU = Release|Any CPU
	EndGlobalSection
	GlobalSection(ProjectConfigurationPlatforms) = postSolution
		{83BBDECC-8E74-4FCD-B074-D846536AAD0A}.Debug|Any CPU.ActiveCfg = Debug|Any CPU
		{83BBDECC-8E74-4FCD-B074-D846536AAD0A}.Debug|Any CPU.Build.0 = Debug|Any CPU
		{83BBDECC-8E74-4FCD-B074-D846536AAD0A}.Release|Any CPU.ActiveCfg = Release|Any CPU
		{83BBDECC-8E74-4FCD-B074-D846536AAD0A}.Release|Any CPU.Build.0 = Release|Any CPU
	EndGlobalSection
	GlobalSection(SolutionProperties) = preSolution
		HideSolutionNode = FALSE
	EndGlobalSection
	GlobalSection(ExtensibilityGlobals) = postSolution
		SolutionGuid = {6CCB9F66-C1D3-4031-A427-97AEE357AAE7}
	EndGlobalSection
EndGlobal
