
Microsoft Visual Studio Solution File, Format Version 12.00
# Visual Studio 15
VisualStudioVersion = 15.0.27130.2036
MinimumVisualStudioVersion = 10.0.40219.1
Project("{FAE04EC0-301F-11D3-BF4B-00C04F79EFBC}") = "TriviaNation.Test", "TriviaNation.Test\TriviaNation.Test.csproj", "{CED610F2-4847-4634-AA37-7435B885288C}"
EndProject
Project("{FAE04EC0-301F-11D3-BF4B-00C04F79EFBC}") = "TriviaNation.Core", "TriviaNation.Core\TriviaNation.Core.csproj", "{7FB5D060-913B-437A-ACAA-0ACDEEAF5CEC}"
EndProject
Project("{FAE04EC0-301F-11D3-BF4B-00C04F79EFBC}") = "TriviaNation.Admin", "TriviaNation.Admin\TriviaNation.Admin.csproj", "{0E85DB19-04E7-4C15-99D3-D805FF6E3212}"
EndProject
Project("{9A19103F-16F7-4668-BE54-9A1E7A4F7556}") = "TriviaNation.Rest", "TriviaNation.Rest\TriviaNation.Rest.csproj", "{4CF7ACAC-6F19-4A42-8E53-E3C4E945AE27}"
EndProject
Project("{FAE04EC0-301F-11D3-BF4B-00C04F79EFBC}") = "TriviaNation", "TriviaNation\TriviaNation.csproj", "{FDFAFA0A-780C-407F-8373-7B1573A19FE7}"
EndProject
Global
	GlobalSection(SolutionConfigurationPlatforms) = preSolution
		Debug|Any CPU = Debug|Any CPU
		Release|Any CPU = Release|Any CPU
	EndGlobalSection
	GlobalSection(ProjectConfigurationPlatforms) = postSolution
		{CED610F2-4847-4634-AA37-7435B885288C}.Debug|Any CPU.ActiveCfg = Debug|Any CPU
		{CED610F2-4847-4634-AA37-7435B885288C}.Debug|Any CPU.Build.0 = Debug|Any CPU
		{CED610F2-4847-4634-AA37-7435B885288C}.Release|Any CPU.ActiveCfg = Release|Any CPU
		{CED610F2-4847-4634-AA37-7435B885288C}.Release|Any CPU.Build.0 = Release|Any CPU
		{7FB5D060-913B-437A-ACAA-0ACDEEAF5CEC}.Debug|Any CPU.ActiveCfg = Debug|Any CPU
		{7FB5D060-913B-437A-ACAA-0ACDEEAF5CEC}.Debug|Any CPU.Build.0 = Debug|Any CPU
		{7FB5D060-913B-437A-ACAA-0ACDEEAF5CEC}.Release|Any CPU.ActiveCfg = Release|Any CPU
		{7FB5D060-913B-437A-ACAA-0ACDEEAF5CEC}.Release|Any CPU.Build.0 = Release|Any CPU
		{0E85DB19-04E7-4C15-99D3-D805FF6E3212}.Debug|Any CPU.ActiveCfg = Debug|Any CPU
		{0E85DB19-04E7-4C15-99D3-D805FF6E3212}.Debug|Any CPU.Build.0 = Debug|Any CPU
		{0E85DB19-04E7-4C15-99D3-D805FF6E3212}.Release|Any CPU.ActiveCfg = Release|Any CPU
		{0E85DB19-04E7-4C15-99D3-D805FF6E3212}.Release|Any CPU.Build.0 = Release|Any CPU
		{4CF7ACAC-6F19-4A42-8E53-E3C4E945AE27}.Debug|Any CPU.ActiveCfg = Debug|Any CPU
		{4CF7ACAC-6F19-4A42-8E53-E3C4E945AE27}.Debug|Any CPU.Build.0 = Debug|Any CPU
		{4CF7ACAC-6F19-4A42-8E53-E3C4E945AE27}.Release|Any CPU.ActiveCfg = Release|Any CPU
		{4CF7ACAC-6F19-4A42-8E53-E3C4E945AE27}.Release|Any CPU.Build.0 = Release|Any CPU
		{FDFAFA0A-780C-407F-8373-7B1573A19FE7}.Debug|Any CPU.ActiveCfg = Debug|Any CPU
		{FDFAFA0A-780C-407F-8373-7B1573A19FE7}.Debug|Any CPU.Build.0 = Debug|Any CPU
		{FDFAFA0A-780C-407F-8373-7B1573A19FE7}.Release|Any CPU.ActiveCfg = Release|Any CPU
		{FDFAFA0A-780C-407F-8373-7B1573A19FE7}.Release|Any CPU.Build.0 = Release|Any CPU
	EndGlobalSection
	GlobalSection(SolutionProperties) = preSolution
		HideSolutionNode = FALSE
	EndGlobalSection
	GlobalSection(ExtensibilityGlobals) = postSolution
		SolutionGuid = {9D6F66F3-E67E-41D9-A39C-4F1827071986}
	EndGlobalSection
EndGlobal
